PODS:
  - cloud_kit (0.0.1):
    - Flutter
  - Flutter (1.0.0)

DEPENDENCIES:
  - cloud_kit (from `.symlinks/plugins/cloud_kit/ios`)
  - Flutter (from `Flutter`)

EXTERNAL SOURCES:
  cloud_kit:
    :path: ".symlinks/plugins/cloud_kit/ios"
  Flutter:
    :path: Flutter

SPEC CHECKSUMS:
  cloud_kit: 09580108aedda41b646dd12c1610f8b45d08e3ee
  Flutter: e0871f40cf51350855a761d2e70bf5af5b9b5de7

PODFILE CHECKSUM: c4c93c5f6502fe2754f48404d3594bf779584011

COCOAPODS: 1.15.2
